// !$*UTF8*$!
{
	archiveVersion = 1;
	classes = {
	};
	objectVersion = 56;
	objects = {

/* Begin PBXBuildFile section */
		22391FAD2A9E7149000EA271 /* CustomTextView.swift in Sources */ = {isa = PBXBuildFile; fileRef = 22391FAC2A9E7149000EA271 /* CustomTextView.swift */; };
		2273B5382A876E0200C5D5FE /* CityRestaurantDetailViewController.swift in Sources */ = {isa = PBXBuildFile; fileRef = 2273B5372A876E0200C5D5FE /* CityRestaurantDetailViewController.swift */; };
		2282702F2A6AAC3D004F1210 /* AppDelegate.swift in Sources */ = {isa = PBXBuildFile; fileRef = 2282702E2A6AAC3D004F1210 /* AppDelegate.swift */; };
		228270312A6AAC3D004F1210 /* SceneDelegate.swift in Sources */ = {isa = PBXBuildFile; fileRef = 228270302A6AAC3D004F1210 /* SceneDelegate.swift */; };
		228270332A6AAC3D004F1210 /* CitiesTableViewController.swift in Sources */ = {isa = PBXBuildFile; fileRef = 228270322A6AAC3D004F1210 /* CitiesTableViewController.swift */; };
		228270362A6AAC3D004F1210 /* Main.storyboard in Resources */ = {isa = PBXBuildFile; fileRef = 228270342A6AAC3D004F1210 /* Main.storyboard */; };
		228270382A6AAC40004F1210 /* Assets.xcassets in Resources */ = {isa = PBXBuildFile; fileRef = 228270372A6AAC40004F1210 /* Assets.xcassets */; };
		2282703B2A6AAC40004F1210 /* LaunchScreen.storyboard in Resources */ = {isa = PBXBuildFile; fileRef = 228270392A6AAC40004F1210 /* LaunchScreen.storyboard */; };
		228270462A6AAC40004F1210 /* EatravelTests.swift in Sources */ = {isa = PBXBuildFile; fileRef = 228270452A6AAC40004F1210 /* EatravelTests.swift */; };
		228270502A6AAC40004F1210 /* EatravelUITests.swift in Sources */ = {isa = PBXBuildFile; fileRef = 2282704F2A6AAC40004F1210 /* EatravelUITests.swift */; };
		228270522A6AAC40004F1210 /* EatravelUITestsLaunchTests.swift in Sources */ = {isa = PBXBuildFile; fileRef = 228270512A6AAC40004F1210 /* EatravelUITestsLaunchTests.swift */; };
		228270602A6AB13B004F1210 /* LoginViewController.swift in Sources */ = {isa = PBXBuildFile; fileRef = 2282705F2A6AB13B004F1210 /* LoginViewController.swift */; };
		228270642A6AB1DC004F1210 /* CustomButton.swift in Sources */ = {isa = PBXBuildFile; fileRef = 228270632A6AB1DC004F1210 /* CustomButton.swift */; };
		228270662A6AB1FA004F1210 /* CustomTextField.swift in Sources */ = {isa = PBXBuildFile; fileRef = 228270652A6AB1FA004F1210 /* CustomTextField.swift */; };
		228270682A6AB2AC004F1210 /* AuthHeaderView.swift in Sources */ = {isa = PBXBuildFile; fileRef = 228270672A6AB2AC004F1210 /* AuthHeaderView.swift */; };
		2282706A2A6AB2DD004F1210 /* ProgressActivityIndicator.swift in Sources */ = {isa = PBXBuildFile; fileRef = 228270692A6AB2DD004F1210 /* ProgressActivityIndicator.swift */; };
		2282706C2A6AB7A9004F1210 /* RegisterViewController.swift in Sources */ = {isa = PBXBuildFile; fileRef = 2282706B2A6AB7A9004F1210 /* RegisterViewController.swift */; };
		2282706F2A6AB910004F1210 /* WebViewerController.swift in Sources */ = {isa = PBXBuildFile; fileRef = 2282706E2A6AB910004F1210 /* WebViewerController.swift */; };
		228270712A6AC3F1004F1210 /* ForgotPasswordViewController.swift in Sources */ = {isa = PBXBuildFile; fileRef = 228270702A6AC3F1004F1210 /* ForgotPasswordViewController.swift */; };
		2286ADBA2A7F94B700F4EBA4 /* RestaurantCollectionViewCell.swift in Sources */ = {isa = PBXBuildFile; fileRef = 2286ADB92A7F94B700F4EBA4 /* RestaurantCollectionViewCell.swift */; };
		22B378852A9F40730088FBBC /* RatingView.swift in Sources */ = {isa = PBXBuildFile; fileRef = 22B378842A9F40730088FBBC /* RatingView.swift */; };
		22B3788A2A9F43120088FBBC /* UIColor+HexString.swift in Sources */ = {isa = PBXBuildFile; fileRef = 22B378892A9F43120088FBBC /* UIColor+HexString.swift */; };
		22B3788C2A9F43300088FBBC /* UIView+PulseAnimation.swift in Sources */ = {isa = PBXBuildFile; fileRef = 22B3788B2A9F43300088FBBC /* UIView+PulseAnimation.swift */; };
		22B774302A77ADB600FE8A2A /* Restaurant.swift in Sources */ = {isa = PBXBuildFile; fileRef = 22B7742F2A77ADB600FE8A2A /* Restaurant.swift */; };
		22B774322A77B10E00FE8A2A /* CityRestaurantsListViewController.swift in Sources */ = {isa = PBXBuildFile; fileRef = 22B774312A77B10E00FE8A2A /* CityRestaurantsListViewController.swift */; };
		22B774372A77DCB500FE8A2A /* Localizable.strings in Resources */ = {isa = PBXBuildFile; fileRef = 22B774392A77DCB500FE8A2A /* Localizable.strings */; };
		22B9FA802A989DCD00B2A9CB /* CommentView.swift in Sources */ = {isa = PBXBuildFile; fileRef = 22B9FA7F2A989DCD00B2A9CB /* CommentView.swift */; };
		22B9FA822A989DEA00B2A9CB /* Comment.swift in Sources */ = {isa = PBXBuildFile; fileRef = 22B9FA812A989DEA00B2A9CB /* Comment.swift */; };
		22B9FA842A98C1C700B2A9CB /* AddCommentViewController.swift in Sources */ = {isa = PBXBuildFile; fileRef = 22B9FA832A98C1C700B2A9CB /* AddCommentViewController.swift */; };
		22E7A2172A87E49A00A2D5B0 /* AddCityRestaurantViewController.swift in Sources */ = {isa = PBXBuildFile; fileRef = 22E7A2162A87E49A00A2D5B0 /* AddCityRestaurantViewController.swift */; };
		22E7A21B2A88C5DD00A2D5B0 /* CustomLabel.swift in Sources */ = {isa = PBXBuildFile; fileRef = 22E7A21A2A88C5DD00A2D5B0 /* CustomLabel.swift */; };
		22E7A21D2A88C66300A2D5B0 /* Todo.rtf in Resources */ = {isa = PBXBuildFile; fileRef = 22E7A21C2A88C66300A2D5B0 /* Todo.rtf */; };
		22ECABCD2A74FA7E00CAA2F9 /* SystemDesign.rtf in Resources */ = {isa = PBXBuildFile; fileRef = 22ECABCC2A74FA7E00CAA2F9 /* SystemDesign.rtf */; };
		22ECABD02A7513BE00CAA2F9 /* Alamofire in Frameworks */ = {isa = PBXBuildFile; productRef = 22ECABCF2A7513BE00CAA2F9 /* Alamofire */; };
		22ECABD22A751A0100CAA2F9 /* LoginResponseModel.swift in Sources */ = {isa = PBXBuildFile; fileRef = 22ECABD12A751A0100CAA2F9 /* LoginResponseModel.swift */; };
		22ECABD82A764E6400CAA2F9 /* Note.rtf in Resources */ = {isa = PBXBuildFile; fileRef = 22ECABD72A764E6400CAA2F9 /* Note.rtf */; };
		DB70A58E2AA2A84D00C02B86 /* PostViewCell.swift in Sources */ = {isa = PBXBuildFile; fileRef = DB70A58D2AA2A84D00C02B86 /* PostViewCell.swift */; };
		DB70A5902AA2B59800C02B86 /* PostListViewController.swift in Sources */ = {isa = PBXBuildFile; fileRef = DB70A58F2AA2B59800C02B86 /* PostListViewController.swift */; };
		DB70A5942AA2B7DB00C02B86 /* Post.swift in Sources */ = {isa = PBXBuildFile; fileRef = DB70A5932AA2B7DB00C02B86 /* Post.swift */; };
		DB70A5962AA2B89800C02B86 /* PostComment.swift in Sources */ = {isa = PBXBuildFile; fileRef = DB70A5952AA2B89800C02B86 /* PostComment.swift */; };
		DBC6EAD82A9C91FB00204B33 /* RestaurantMapViewController.swift in Sources */ = {isa = PBXBuildFile; fileRef = DBC6EAD72A9C91FB00204B33 /* RestaurantMapViewController.swift */; };
		DBC6EADA2A9C936700204B33 /* Capital.swift in Sources */ = {isa = PBXBuildFile; fileRef = DBC6EAD92A9C936700204B33 /* Capital.swift */; };
		DBDC07012AA0C48300C5E091 /* PhotoCell.swift in Sources */ = {isa = PBXBuildFile; fileRef = DBDC07002AA0C48300C5E091 /* PhotoCell.swift */; };
/* End PBXBuildFile section */

/* Begin PBXContainerItemProxy section */
		228270422A6AAC40004F1210 /* PBXContainerItemProxy */ = {
			isa = PBXContainerItemProxy;
			containerPortal = 228270232A6AAC3D004F1210 /* Project object */;
			proxyType = 1;
			remoteGlobalIDString = 2282702A2A6AAC3D004F1210;
			remoteInfo = Eatravel;
		};
		2282704C2A6AAC40004F1210 /* PBXContainerItemProxy */ = {
			isa = PBXContainerItemProxy;
			containerPortal = 228270232A6AAC3D004F1210 /* Project object */;
			proxyType = 1;
			remoteGlobalIDString = 2282702A2A6AAC3D004F1210;
			remoteInfo = Eatravel;
		};
/* End PBXContainerItemProxy section */

/* Begin PBXFileReference section */
		22391FAC2A9E7149000EA271 /* CustomTextView.swift */ = {isa = PBXFileReference; lastKnownFileType = sourcecode.swift; path = CustomTextView.swift; sourceTree = "<group>"; };
		2273B5372A876E0200C5D5FE /* CityRestaurantDetailViewController.swift */ = {isa = PBXFileReference; lastKnownFileType = sourcecode.swift; path = CityRestaurantDetailViewController.swift; sourceTree = "<group>"; };
		2282702B2A6AAC3D004F1210 /* Eatravel.app */ = {isa = PBXFileReference; explicitFileType = wrapper.application; includeInIndex = 0; path = Eatravel.app; sourceTree = BUILT_PRODUCTS_DIR; };
		2282702E2A6AAC3D004F1210 /* AppDelegate.swift */ = {isa = PBXFileReference; lastKnownFileType = sourcecode.swift; path = AppDelegate.swift; sourceTree = "<group>"; };
		228270302A6AAC3D004F1210 /* SceneDelegate.swift */ = {isa = PBXFileReference; lastKnownFileType = sourcecode.swift; path = SceneDelegate.swift; sourceTree = "<group>"; };
		228270322A6AAC3D004F1210 /* CitiesTableViewController.swift */ = {isa = PBXFileReference; lastKnownFileType = sourcecode.swift; path = CitiesTableViewController.swift; sourceTree = "<group>"; };
		228270352A6AAC3D004F1210 /* Base */ = {isa = PBXFileReference; lastKnownFileType = file.storyboard; name = Base; path = Base.lproj/Main.storyboard; sourceTree = "<group>"; };
		228270372A6AAC40004F1210 /* Assets.xcassets */ = {isa = PBXFileReference; lastKnownFileType = folder.assetcatalog; path = Assets.xcassets; sourceTree = "<group>"; };
		2282703A2A6AAC40004F1210 /* Base */ = {isa = PBXFileReference; lastKnownFileType = file.storyboard; name = Base; path = Base.lproj/LaunchScreen.storyboard; sourceTree = "<group>"; };
		2282703C2A6AAC40004F1210 /* Info.plist */ = {isa = PBXFileReference; lastKnownFileType = text.plist.xml; path = Info.plist; sourceTree = "<group>"; };
		228270412A6AAC40004F1210 /* EatravelTests.xctest */ = {isa = PBXFileReference; explicitFileType = wrapper.cfbundle; includeInIndex = 0; path = EatravelTests.xctest; sourceTree = BUILT_PRODUCTS_DIR; };
		228270452A6AAC40004F1210 /* EatravelTests.swift */ = {isa = PBXFileReference; lastKnownFileType = sourcecode.swift; path = EatravelTests.swift; sourceTree = "<group>"; };
		2282704B2A6AAC40004F1210 /* EatravelUITests.xctest */ = {isa = PBXFileReference; explicitFileType = wrapper.cfbundle; includeInIndex = 0; path = EatravelUITests.xctest; sourceTree = BUILT_PRODUCTS_DIR; };
		2282704F2A6AAC40004F1210 /* EatravelUITests.swift */ = {isa = PBXFileReference; lastKnownFileType = sourcecode.swift; path = EatravelUITests.swift; sourceTree = "<group>"; };
		228270512A6AAC40004F1210 /* EatravelUITestsLaunchTests.swift */ = {isa = PBXFileReference; lastKnownFileType = sourcecode.swift; path = EatravelUITestsLaunchTests.swift; sourceTree = "<group>"; };
		2282705F2A6AB13B004F1210 /* LoginViewController.swift */ = {isa = PBXFileReference; lastKnownFileType = sourcecode.swift; path = LoginViewController.swift; sourceTree = "<group>"; };
		228270632A6AB1DC004F1210 /* CustomButton.swift */ = {isa = PBXFileReference; lastKnownFileType = sourcecode.swift; path = CustomButton.swift; sourceTree = "<group>"; };
		228270652A6AB1FA004F1210 /* CustomTextField.swift */ = {isa = PBXFileReference; lastKnownFileType = sourcecode.swift; path = CustomTextField.swift; sourceTree = "<group>"; };
		228270672A6AB2AC004F1210 /* AuthHeaderView.swift */ = {isa = PBXFileReference; lastKnownFileType = sourcecode.swift; path = AuthHeaderView.swift; sourceTree = "<group>"; };
		228270692A6AB2DD004F1210 /* ProgressActivityIndicator.swift */ = {isa = PBXFileReference; lastKnownFileType = sourcecode.swift; path = ProgressActivityIndicator.swift; sourceTree = "<group>"; };
		2282706B2A6AB7A9004F1210 /* RegisterViewController.swift */ = {isa = PBXFileReference; lastKnownFileType = sourcecode.swift; path = RegisterViewController.swift; sourceTree = "<group>"; };
		2282706E2A6AB910004F1210 /* WebViewerController.swift */ = {isa = PBXFileReference; lastKnownFileType = sourcecode.swift; path = WebViewerController.swift; sourceTree = "<group>"; };
		228270702A6AC3F1004F1210 /* ForgotPasswordViewController.swift */ = {isa = PBXFileReference; lastKnownFileType = sourcecode.swift; path = ForgotPasswordViewController.swift; sourceTree = "<group>"; };
		2286ADB92A7F94B700F4EBA4 /* RestaurantCollectionViewCell.swift */ = {isa = PBXFileReference; lastKnownFileType = sourcecode.swift; path = RestaurantCollectionViewCell.swift; sourceTree = "<group>"; };
		22B378842A9F40730088FBBC /* RatingView.swift */ = {isa = PBXFileReference; lastKnownFileType = sourcecode.swift; path = RatingView.swift; sourceTree = "<group>"; };
		22B378892A9F43120088FBBC /* UIColor+HexString.swift */ = {isa = PBXFileReference; lastKnownFileType = sourcecode.swift; path = "UIColor+HexString.swift"; sourceTree = "<group>"; };
		22B3788B2A9F43300088FBBC /* UIView+PulseAnimation.swift */ = {isa = PBXFileReference; lastKnownFileType = sourcecode.swift; path = "UIView+PulseAnimation.swift"; sourceTree = "<group>"; };
		22B7742F2A77ADB600FE8A2A /* Restaurant.swift */ = {isa = PBXFileReference; lastKnownFileType = sourcecode.swift; path = Restaurant.swift; sourceTree = "<group>"; };
		22B774312A77B10E00FE8A2A /* CityRestaurantsListViewController.swift */ = {isa = PBXFileReference; lastKnownFileType = sourcecode.swift; path = CityRestaurantsListViewController.swift; sourceTree = "<group>"; };
		22B774382A77DCB500FE8A2A /* en */ = {isa = PBXFileReference; lastKnownFileType = text.plist.strings; name = en; path = en.lproj/Localizable.strings; sourceTree = "<group>"; };
		22B7743B2A77E1CD00FE8A2A /* tr */ = {isa = PBXFileReference; lastKnownFileType = text.plist.strings; name = tr; path = tr.lproj/Localizable.strings; sourceTree = "<group>"; };
		22B9FA7F2A989DCD00B2A9CB /* CommentView.swift */ = {isa = PBXFileReference; lastKnownFileType = sourcecode.swift; path = CommentView.swift; sourceTree = "<group>"; };
		22B9FA812A989DEA00B2A9CB /* Comment.swift */ = {isa = PBXFileReference; lastKnownFileType = sourcecode.swift; path = Comment.swift; sourceTree = "<group>"; };
		22B9FA832A98C1C700B2A9CB /* AddCommentViewController.swift */ = {isa = PBXFileReference; lastKnownFileType = sourcecode.swift; path = AddCommentViewController.swift; sourceTree = "<group>"; };
		22E7A2162A87E49A00A2D5B0 /* AddCityRestaurantViewController.swift */ = {isa = PBXFileReference; lastKnownFileType = sourcecode.swift; path = AddCityRestaurantViewController.swift; sourceTree = "<group>"; };
		22E7A21A2A88C5DD00A2D5B0 /* CustomLabel.swift */ = {isa = PBXFileReference; lastKnownFileType = sourcecode.swift; path = CustomLabel.swift; sourceTree = "<group>"; };
		22E7A21C2A88C66300A2D5B0 /* Todo.rtf */ = {isa = PBXFileReference; lastKnownFileType = text.rtf; path = Todo.rtf; sourceTree = "<group>"; };
		22ECABCC2A74FA7E00CAA2F9 /* SystemDesign.rtf */ = {isa = PBXFileReference; lastKnownFileType = text.rtf; path = SystemDesign.rtf; sourceTree = "<group>"; };
		22ECABD12A751A0100CAA2F9 /* LoginResponseModel.swift */ = {isa = PBXFileReference; lastKnownFileType = sourcecode.swift; path = LoginResponseModel.swift; sourceTree = "<group>"; };
		22ECABD72A764E6400CAA2F9 /* Note.rtf */ = {isa = PBXFileReference; lastKnownFileType = text.rtf; path = Note.rtf; sourceTree = "<group>"; };
		DB70A58D2AA2A84D00C02B86 /* PostViewCell.swift */ = {isa = PBXFileReference; lastKnownFileType = sourcecode.swift; path = PostViewCell.swift; sourceTree = "<group>"; };
		DB70A58F2AA2B59800C02B86 /* PostListViewController.swift */ = {isa = PBXFileReference; lastKnownFileType = sourcecode.swift; path = PostListViewController.swift; sourceTree = "<group>"; };
		DB70A5932AA2B7DB00C02B86 /* Post.swift */ = {isa = PBXFileReference; lastKnownFileType = sourcecode.swift; path = Post.swift; sourceTree = "<group>"; };
		DB70A5952AA2B89800C02B86 /* PostComment.swift */ = {isa = PBXFileReference; lastKnownFileType = sourcecode.swift; path = PostComment.swift; sourceTree = "<group>"; };
		DBC6EAD72A9C91FB00204B33 /* RestaurantMapViewController.swift */ = {isa = PBXFileReference; lastKnownFileType = sourcecode.swift; path = RestaurantMapViewController.swift; sourceTree = "<group>"; };
		DBC6EAD92A9C936700204B33 /* Capital.swift */ = {isa = PBXFileReference; lastKnownFileType = sourcecode.swift; path = Capital.swift; sourceTree = "<group>"; };
		DBDC07002AA0C48300C5E091 /* PhotoCell.swift */ = {isa = PBXFileReference; lastKnownFileType = sourcecode.swift; path = PhotoCell.swift; sourceTree = "<group>"; };
/* End PBXFileReference section */

/* Begin PBXFrameworksBuildPhase section */
		228270282A6AAC3D004F1210 /* Frameworks */ = {
			isa = PBXFrameworksBuildPhase;
			buildActionMask = 2147483647;
			files = (
				22ECABD02A7513BE00CAA2F9 /* Alamofire in Frameworks */,
			);
			runOnlyForDeploymentPostprocessing = 0;
		};
		2282703E2A6AAC40004F1210 /* Frameworks */ = {
			isa = PBXFrameworksBuildPhase;
			buildActionMask = 2147483647;
			files = (
			);
			runOnlyForDeploymentPostprocessing = 0;
		};
		228270482A6AAC40004F1210 /* Frameworks */ = {
			isa = PBXFrameworksBuildPhase;
			buildActionMask = 2147483647;
			files = (
			);
			runOnlyForDeploymentPostprocessing = 0;
		};
/* End PBXFrameworksBuildPhase section */

/* Begin PBXGroup section */
		228270222A6AAC3D004F1210 = {
			isa = PBXGroup;
			children = (
				22ECABD62A764E3900CAA2F9 /* Notes */,
				2282702D2A6AAC3D004F1210 /* Eatravel */,
				228270442A6AAC40004F1210 /* EatravelTests */,
				2282704E2A6AAC40004F1210 /* EatravelUITests */,
				2282702C2A6AAC3D004F1210 /* Products */,
			);
			sourceTree = "<group>";
		};
		2282702C2A6AAC3D004F1210 /* Products */ = {
			isa = PBXGroup;
			children = (
				2282702B2A6AAC3D004F1210 /* Eatravel.app */,
				228270412A6AAC40004F1210 /* EatravelTests.xctest */,
				2282704B2A6AAC40004F1210 /* EatravelUITests.xctest */,
			);
			name = Products;
			sourceTree = "<group>";
		};
		2282702D2A6AAC3D004F1210 /* Eatravel */ = {
			isa = PBXGroup;
			children = (
				22B378862A9F42E60088FBBC /* Extension */,
				22B774392A77DCB500FE8A2A /* Localizable.strings */,
				22ECABCB2A72A05400CAA2F9 /* Model */,
				2282706D2A6AB8FB004F1210 /* Helper */,
				228270622A6AB1B2004F1210 /* View */,
				2282705E2A6AB12A004F1210 /* Controller */,
				2282702E2A6AAC3D004F1210 /* AppDelegate.swift */,
				228270302A6AAC3D004F1210 /* SceneDelegate.swift */,
				228270342A6AAC3D004F1210 /* Main.storyboard */,
				228270372A6AAC40004F1210 /* Assets.xcassets */,
				228270392A6AAC40004F1210 /* LaunchScreen.storyboard */,
				2282703C2A6AAC40004F1210 /* Info.plist */,
			);
			path = Eatravel;
			sourceTree = "<group>";
		};
		228270442A6AAC40004F1210 /* EatravelTests */ = {
			isa = PBXGroup;
			children = (
				228270452A6AAC40004F1210 /* EatravelTests.swift */,
			);
			path = EatravelTests;
			sourceTree = "<group>";
		};
		2282704E2A6AAC40004F1210 /* EatravelUITests */ = {
			isa = PBXGroup;
			children = (
				2282704F2A6AAC40004F1210 /* EatravelUITests.swift */,
				228270512A6AAC40004F1210 /* EatravelUITestsLaunchTests.swift */,
			);
			path = EatravelUITests;
			sourceTree = "<group>";
		};
		2282705E2A6AB12A004F1210 /* Controller */ = {
			isa = PBXGroup;
			children = (
				228270322A6AAC3D004F1210 /* CitiesTableViewController.swift */,
				2282705F2A6AB13B004F1210 /* LoginViewController.swift */,
				2282706B2A6AB7A9004F1210 /* RegisterViewController.swift */,
				228270702A6AC3F1004F1210 /* ForgotPasswordViewController.swift */,
				22B774312A77B10E00FE8A2A /* CityRestaurantsListViewController.swift */,
				2273B5372A876E0200C5D5FE /* CityRestaurantDetailViewController.swift */,
				22E7A2162A87E49A00A2D5B0 /* AddCityRestaurantViewController.swift */,
				22B9FA832A98C1C700B2A9CB /* AddCommentViewController.swift */,
				DBC6EAD72A9C91FB00204B33 /* RestaurantMapViewController.swift */,
				DB70A58F2AA2B59800C02B86 /* PostListViewController.swift */,
			);
			path = Controller;
			sourceTree = "<group>";
		};
		228270622A6AB1B2004F1210 /* View */ = {
			isa = PBXGroup;
			children = (
				22E7A21A2A88C5DD00A2D5B0 /* CustomLabel.swift */,
				228270632A6AB1DC004F1210 /* CustomButton.swift */,
				228270652A6AB1FA004F1210 /* CustomTextField.swift */,
				228270672A6AB2AC004F1210 /* AuthHeaderView.swift */,
				228270692A6AB2DD004F1210 /* ProgressActivityIndicator.swift */,
				2286ADB92A7F94B700F4EBA4 /* RestaurantCollectionViewCell.swift */,
				22B9FA7F2A989DCD00B2A9CB /* CommentView.swift */,
				22391FAC2A9E7149000EA271 /* CustomTextView.swift */,
				22B378842A9F40730088FBBC /* RatingView.swift */,
				DBDC07002AA0C48300C5E091 /* PhotoCell.swift */,
				DB70A58D2AA2A84D00C02B86 /* PostViewCell.swift */,
			);
			path = View;
			sourceTree = "<group>";
		};
		2282706D2A6AB8FB004F1210 /* Helper */ = {
			isa = PBXGroup;
			children = (
				2282706E2A6AB910004F1210 /* WebViewerController.swift */,
			);
			path = Helper;
			sourceTree = "<group>";
		};
		22B378862A9F42E60088FBBC /* Extension */ = {
			isa = PBXGroup;
			children = (
				22B378882A9F42F40088FBBC /* UIView */,
				22B378872A9F42EE0088FBBC /* UIColor */,
			);
			path = Extension;
			sourceTree = "<group>";
		};
		22B378872A9F42EE0088FBBC /* UIColor */ = {
			isa = PBXGroup;
			children = (
				22B378892A9F43120088FBBC /* UIColor+HexString.swift */,
			);
			path = UIColor;
			sourceTree = "<group>";
		};
		22B378882A9F42F40088FBBC /* UIView */ = {
			isa = PBXGroup;
			children = (
				22B3788B2A9F43300088FBBC /* UIView+PulseAnimation.swift */,
			);
			path = UIView;
			sourceTree = "<group>";
		};
		22ECABCB2A72A05400CAA2F9 /* Model */ = {
			isa = PBXGroup;
			children = (
				22ECABD12A751A0100CAA2F9 /* LoginResponseModel.swift */,
				22B7742F2A77ADB600FE8A2A /* Restaurant.swift */,
				22B9FA812A989DEA00B2A9CB /* Comment.swift */,
				DBC6EAD92A9C936700204B33 /* Capital.swift */,
				DB70A5932AA2B7DB00C02B86 /* Post.swift */,
				DB70A5952AA2B89800C02B86 /* PostComment.swift */,
			);
			path = Model;
			sourceTree = "<group>";
		};
		22ECABD62A764E3900CAA2F9 /* Notes */ = {
			isa = PBXGroup;
			children = (
				22ECABCC2A74FA7E00CAA2F9 /* SystemDesign.rtf */,
				22ECABD72A764E6400CAA2F9 /* Note.rtf */,
				22E7A21C2A88C66300A2D5B0 /* Todo.rtf */,
			);
			name = Notes;
			sourceTree = "<group>";
		};
/* End PBXGroup section */

/* Begin PBXNativeTarget section */
		2282702A2A6AAC3D004F1210 /* Eatravel */ = {
			isa = PBXNativeTarget;
			buildConfigurationList = 228270552A6AAC40004F1210 /* Build configuration list for PBXNativeTarget "Eatravel" */;
			buildPhases = (
				228270272A6AAC3D004F1210 /* Sources */,
				228270282A6AAC3D004F1210 /* Frameworks */,
				228270292A6AAC3D004F1210 /* Resources */,
			);
			buildRules = (
			);
			dependencies = (
			);
			name = Eatravel;
			packageProductDependencies = (
				22ECABCF2A7513BE00CAA2F9 /* Alamofire */,
			);
			productName = Eatravel;
			productReference = 2282702B2A6AAC3D004F1210 /* Eatravel.app */;
			productType = "com.apple.product-type.application";
		};
		228270402A6AAC40004F1210 /* EatravelTests */ = {
			isa = PBXNativeTarget;
			buildConfigurationList = 228270582A6AAC40004F1210 /* Build configuration list for PBXNativeTarget "EatravelTests" */;
			buildPhases = (
				2282703D2A6AAC40004F1210 /* Sources */,
				2282703E2A6AAC40004F1210 /* Frameworks */,
				2282703F2A6AAC40004F1210 /* Resources */,
			);
			buildRules = (
			);
			dependencies = (
				228270432A6AAC40004F1210 /* PBXTargetDependency */,
			);
			name = EatravelTests;
			productName = EatravelTests;
			productReference = 228270412A6AAC40004F1210 /* EatravelTests.xctest */;
			productType = "com.apple.product-type.bundle.unit-test";
		};
		2282704A2A6AAC40004F1210 /* EatravelUITests */ = {
			isa = PBXNativeTarget;
			buildConfigurationList = 2282705B2A6AAC40004F1210 /* Build configuration list for PBXNativeTarget "EatravelUITests" */;
			buildPhases = (
				228270472A6AAC40004F1210 /* Sources */,
				228270482A6AAC40004F1210 /* Frameworks */,
				228270492A6AAC40004F1210 /* Resources */,
			);
			buildRules = (
			);
			dependencies = (
				2282704D2A6AAC40004F1210 /* PBXTargetDependency */,
			);
			name = EatravelUITests;
			productName = EatravelUITests;
			productReference = 2282704B2A6AAC40004F1210 /* EatravelUITests.xctest */;
			productType = "com.apple.product-type.bundle.ui-testing";
		};
/* End PBXNativeTarget section */

/* Begin PBXProject section */
		228270232A6AAC3D004F1210 /* Project object */ = {
			isa = PBXProject;
			attributes = {
				BuildIndependentTargetsInParallel = 1;
				LastSwiftUpdateCheck = 1430;
				LastUpgradeCheck = 1430;
				TargetAttributes = {
					2282702A2A6AAC3D004F1210 = {
						CreatedOnToolsVersion = 14.3.1;
					};
					228270402A6AAC40004F1210 = {
						CreatedOnToolsVersion = 14.3.1;
						TestTargetID = 2282702A2A6AAC3D004F1210;
					};
					2282704A2A6AAC40004F1210 = {
						CreatedOnToolsVersion = 14.3.1;
						TestTargetID = 2282702A2A6AAC3D004F1210;
					};
				};
			};
			buildConfigurationList = 228270262A6AAC3D004F1210 /* Build configuration list for PBXProject "Eatravel" */;
			compatibilityVersion = "Xcode 14.0";
			developmentRegion = en;
			hasScannedForEncodings = 0;
			knownRegions = (
				en,
				Base,
				tr,
			);
			mainGroup = 228270222A6AAC3D004F1210;
			packageReferences = (
				22ECABCE2A7513BE00CAA2F9 /* XCRemoteSwiftPackageReference "Alamofire" */,
			);
			productRefGroup = 2282702C2A6AAC3D004F1210 /* Products */;
			projectDirPath = "";
			projectRoot = "";
			targets = (
				2282702A2A6AAC3D004F1210 /* Eatravel */,
				228270402A6AAC40004F1210 /* EatravelTests */,
				2282704A2A6AAC40004F1210 /* EatravelUITests */,
			);
		};
/* End PBXProject section */

/* Begin PBXResourcesBuildPhase section */
		228270292A6AAC3D004F1210 /* Resources */ = {
			isa = PBXResourcesBuildPhase;
			buildActionMask = 2147483647;
			files = (
				22ECABD82A764E6400CAA2F9 /* Note.rtf in Resources */,
				22B774372A77DCB500FE8A2A /* Localizable.strings in Resources */,
				22ECABCD2A74FA7E00CAA2F9 /* SystemDesign.rtf in Resources */,
				22E7A21D2A88C66300A2D5B0 /* Todo.rtf in Resources */,
				2282703B2A6AAC40004F1210 /* LaunchScreen.storyboard in Resources */,
				228270382A6AAC40004F1210 /* Assets.xcassets in Resources */,
				228270362A6AAC3D004F1210 /* Main.storyboard in Resources */,
			);
			runOnlyForDeploymentPostprocessing = 0;
		};
		2282703F2A6AAC40004F1210 /* Resources */ = {
			isa = PBXResourcesBuildPhase;
			buildActionMask = 2147483647;
			files = (
			);
			runOnlyForDeploymentPostprocessing = 0;
		};
		228270492A6AAC40004F1210 /* Resources */ = {
			isa = PBXResourcesBuildPhase;
			buildActionMask = 2147483647;
			files = (
			);
			runOnlyForDeploymentPostprocessing = 0;
		};
/* End PBXResourcesBuildPhase section */

/* Begin PBXSourcesBuildPhase section */
		228270272A6AAC3D004F1210 /* Sources */ = {
			isa = PBXSourcesBuildPhase;
			buildActionMask = 2147483647;
			files = (
				DBDC07012AA0C48300C5E091 /* PhotoCell.swift in Sources */,
				22B774302A77ADB600FE8A2A /* Restaurant.swift in Sources */,
				22B9FA802A989DCD00B2A9CB /* CommentView.swift in Sources */,
				22391FAD2A9E7149000EA271 /* CustomTextView.swift in Sources */,
				22E7A21B2A88C5DD00A2D5B0 /* CustomLabel.swift in Sources */,
				DB70A5962AA2B89800C02B86 /* PostComment.swift in Sources */,
				22ECABD22A751A0100CAA2F9 /* LoginResponseModel.swift in Sources */,
				DBC6EAD82A9C91FB00204B33 /* RestaurantMapViewController.swift in Sources */,
				2282706C2A6AB7A9004F1210 /* RegisterViewController.swift in Sources */,
				228270602A6AB13B004F1210 /* LoginViewController.swift in Sources */,
				22B378852A9F40730088FBBC /* RatingView.swift in Sources */,
				228270712A6AC3F1004F1210 /* ForgotPasswordViewController.swift in Sources */,
				2282706A2A6AB2DD004F1210 /* ProgressActivityIndicator.swift in Sources */,
				2286ADBA2A7F94B700F4EBA4 /* RestaurantCollectionViewCell.swift in Sources */,
				2273B5382A876E0200C5D5FE /* CityRestaurantDetailViewController.swift in Sources */,
				22B774322A77B10E00FE8A2A /* CityRestaurantsListViewController.swift in Sources */,
				22B3788A2A9F43120088FBBC /* UIColor+HexString.swift in Sources */,
				DB70A5902AA2B59800C02B86 /* PostListViewController.swift in Sources */,
				228270332A6AAC3D004F1210 /* CitiesTableViewController.swift in Sources */,
				228270662A6AB1FA004F1210 /* CustomTextField.swift in Sources */,
				DB70A58E2AA2A84D00C02B86 /* PostViewCell.swift in Sources */,
				DB70A5942AA2B7DB00C02B86 /* Post.swift in Sources */,
				2282702F2A6AAC3D004F1210 /* AppDelegate.swift in Sources */,
				22B3788C2A9F43300088FBBC /* UIView+PulseAnimation.swift in Sources */,
				228270312A6AAC3D004F1210 /* SceneDelegate.swift in Sources */,
				22B9FA822A989DEA00B2A9CB /* Comment.swift in Sources */,
				228270642A6AB1DC004F1210 /* CustomButton.swift in Sources */,
				2282706F2A6AB910004F1210 /* WebViewerController.swift in Sources */,
				22E7A2172A87E49A00A2D5B0 /* AddCityRestaurantViewController.swift in Sources */,
				22B9FA842A98C1C700B2A9CB /* AddCommentViewController.swift in Sources */,
				228270682A6AB2AC004F1210 /* AuthHeaderView.swift in Sources */,
				DBC6EADA2A9C936700204B33 /* Capital.swift in Sources */,
			);
			runOnlyForDeploymentPostprocessing = 0;
		};
		2282703D2A6AAC40004F1210 /* Sources */ = {
			isa = PBXSourcesBuildPhase;
			buildActionMask = 2147483647;
			files = (
				228270462A6AAC40004F1210 /* EatravelTests.swift in Sources */,
			);
			runOnlyForDeploymentPostprocessing = 0;
		};
		228270472A6AAC40004F1210 /* Sources */ = {
			isa = PBXSourcesBuildPhase;
			buildActionMask = 2147483647;
			files = (
				228270522A6AAC40004F1210 /* EatravelUITestsLaunchTests.swift in Sources */,
				228270502A6AAC40004F1210 /* EatravelUITests.swift in Sources */,
			);
			runOnlyForDeploymentPostprocessing = 0;
		};
/* End PBXSourcesBuildPhase section */

/* Begin PBXTargetDependency section */
		228270432A6AAC40004F1210 /* PBXTargetDependency */ = {
			isa = PBXTargetDependency;
			target = 2282702A2A6AAC3D004F1210 /* Eatravel */;
			targetProxy = 228270422A6AAC40004F1210 /* PBXContainerItemProxy */;
		};
		2282704D2A6AAC40004F1210 /* PBXTargetDependency */ = {
			isa = PBXTargetDependency;
			target = 2282702A2A6AAC3D004F1210 /* Eatravel */;
			targetProxy = 2282704C2A6AAC40004F1210 /* PBXContainerItemProxy */;
		};
/* End PBXTargetDependency section */

/* Begin PBXVariantGroup section */
		228270342A6AAC3D004F1210 /* Main.storyboard */ = {
			isa = PBXVariantGroup;
			children = (
				228270352A6AAC3D004F1210 /* Base */,
			);
			name = Main.storyboard;
			sourceTree = "<group>";
		};
		228270392A6AAC40004F1210 /* LaunchScreen.storyboard */ = {
			isa = PBXVariantGroup;
			children = (
				2282703A2A6AAC40004F1210 /* Base */,
			);
			name = LaunchScreen.storyboard;
			sourceTree = "<group>";
		};
		22B774392A77DCB500FE8A2A /* Localizable.strings */ = {
			isa = PBXVariantGroup;
			children = (
				22B774382A77DCB500FE8A2A /* en */,
				22B7743B2A77E1CD00FE8A2A /* tr */,
			);
			name = Localizable.strings;
			sourceTree = "<group>";
		};
/* End PBXVariantGroup section */

/* Begin XCBuildConfiguration section */
		228270532A6AAC40004F1210 /* Debug */ = {
			isa = XCBuildConfiguration;
			buildSettings = {
				ALWAYS_SEARCH_USER_PATHS = NO;
				CLANG_ANALYZER_LOCALIZABILITY_NONLOCALIZED = YES;
				CLANG_ANALYZER_NONNULL = YES;
				CLANG_ANALYZER_NUMBER_OBJECT_CONVERSION = YES_AGGRESSIVE;
				CLANG_CXX_LANGUAGE_STANDARD = "gnu++20";
				CLANG_ENABLE_MODULES = YES;
				CLANG_ENABLE_OBJC_ARC = YES;
				CLANG_ENABLE_OBJC_WEAK = YES;
				CLANG_WARN_BLOCK_CAPTURE_AUTORELEASING = YES;
				CLANG_WARN_BOOL_CONVERSION = YES;
				CLANG_WARN_COMMA = YES;
				CLANG_WARN_CONSTANT_CONVERSION = YES;
				CLANG_WARN_DEPRECATED_OBJC_IMPLEMENTATIONS = YES;
				CLANG_WARN_DIRECT_OBJC_ISA_USAGE = YES_ERROR;
				CLANG_WARN_DOCUMENTATION_COMMENTS = YES;
				CLANG_WARN_EMPTY_BODY = YES;
				CLANG_WARN_ENUM_CONVERSION = YES;
				CLANG_WARN_INFINITE_RECURSION = YES;
				CLANG_WARN_INT_CONVERSION = YES;
				CLANG_WARN_NON_LITERAL_NULL_CONVERSION = YES;
				CLANG_WARN_OBJC_IMPLICIT_RETAIN_SELF = YES;
				CLANG_WARN_OBJC_LITERAL_CONVERSION = YES;
				CLANG_WARN_OBJC_ROOT_CLASS = YES_ERROR;
				CLANG_WARN_QUOTED_INCLUDE_IN_FRAMEWORK_HEADER = YES;
				CLANG_WARN_RANGE_LOOP_ANALYSIS = YES;
				CLANG_WARN_STRICT_PROTOTYPES = YES;
				CLANG_WARN_SUSPICIOUS_MOVE = YES;
				CLANG_WARN_UNGUARDED_AVAILABILITY = YES_AGGRESSIVE;
				CLANG_WARN_UNREACHABLE_CODE = YES;
				CLANG_WARN__DUPLICATE_METHOD_MATCH = YES;
				COPY_PHASE_STRIP = NO;
				DEBUG_INFORMATION_FORMAT = dwarf;
				ENABLE_STRICT_OBJC_MSGSEND = YES;
				ENABLE_TESTABILITY = YES;
				GCC_C_LANGUAGE_STANDARD = gnu11;
				GCC_DYNAMIC_NO_PIC = NO;
				GCC_NO_COMMON_BLOCKS = YES;
				GCC_OPTIMIZATION_LEVEL = 0;
				GCC_PREPROCESSOR_DEFINITIONS = (
					"DEBUG=1",
					"$(inherited)",
				);
				GCC_WARN_64_TO_32_BIT_CONVERSION = YES;
				GCC_WARN_ABOUT_RETURN_TYPE = YES_ERROR;
				GCC_WARN_UNDECLARED_SELECTOR = YES;
				GCC_WARN_UNINITIALIZED_AUTOS = YES_AGGRESSIVE;
				GCC_WARN_UNUSED_FUNCTION = YES;
				GCC_WARN_UNUSED_VARIABLE = YES;
				IPHONEOS_DEPLOYMENT_TARGET = 16.4;
				MTL_ENABLE_DEBUG_INFO = INCLUDE_SOURCE;
				MTL_FAST_MATH = YES;
				ONLY_ACTIVE_ARCH = YES;
				SDKROOT = iphoneos;
				SWIFT_ACTIVE_COMPILATION_CONDITIONS = DEBUG;
				SWIFT_OPTIMIZATION_LEVEL = "-Onone";
			};
			name = Debug;
		};
		228270542A6AAC40004F1210 /* Release */ = {
			isa = XCBuildConfiguration;
			buildSettings = {
				ALWAYS_SEARCH_USER_PATHS = NO;
				CLANG_ANALYZER_LOCALIZABILITY_NONLOCALIZED = YES;
				CLANG_ANALYZER_NONNULL = YES;
				CLANG_ANALYZER_NUMBER_OBJECT_CONVERSION = YES_AGGRESSIVE;
				CLANG_CXX_LANGUAGE_STANDARD = "gnu++20";
				CLANG_ENABLE_MODULES = YES;
				CLANG_ENABLE_OBJC_ARC = YES;
				CLANG_ENABLE_OBJC_WEAK = YES;
				CLANG_WARN_BLOCK_CAPTURE_AUTORELEASING = YES;
				CLANG_WARN_BOOL_CONVERSION = YES;
				CLANG_WARN_COMMA = YES;
				CLANG_WARN_CONSTANT_CONVERSION = YES;
				CLANG_WARN_DEPRECATED_OBJC_IMPLEMENTATIONS = YES;
				CLANG_WARN_DIRECT_OBJC_ISA_USAGE = YES_ERROR;
				CLANG_WARN_DOCUMENTATION_COMMENTS = YES;
				CLANG_WARN_EMPTY_BODY = YES;
				CLANG_WARN_ENUM_CONVERSION = YES;
				CLANG_WARN_INFINITE_RECURSION = YES;
				CLANG_WARN_INT_CONVERSION = YES;
				CLANG_WARN_NON_LITERAL_NULL_CONVERSION = YES;
				CLANG_WARN_OBJC_IMPLICIT_RETAIN_SELF = YES;
				CLANG_WARN_OBJC_LITERAL_CONVERSION = YES;
				CLANG_WARN_OBJC_ROOT_CLASS = YES_ERROR;
				CLANG_WARN_QUOTED_INCLUDE_IN_FRAMEWORK_HEADER = YES;
				CLANG_WARN_RANGE_LOOP_ANALYSIS = YES;
				CLANG_WARN_STRICT_PROTOTYPES = YES;
				CLANG_WARN_SUSPICIOUS_MOVE = YES;
				CLANG_WARN_UNGUARDED_AVAILABILITY = YES_AGGRESSIVE;
				CLANG_WARN_UNREACHABLE_CODE = YES;
				CLANG_WARN__DUPLICATE_METHOD_MATCH = YES;
				COPY_PHASE_STRIP = NO;
				DEBUG_INFORMATION_FORMAT = "dwarf-with-dsym";
				ENABLE_NS_ASSERTIONS = NO;
				ENABLE_STRICT_OBJC_MSGSEND = YES;
				GCC_C_LANGUAGE_STANDARD = gnu11;
				GCC_NO_COMMON_BLOCKS = YES;
				GCC_WARN_64_TO_32_BIT_CONVERSION = YES;
				GCC_WARN_ABOUT_RETURN_TYPE = YES_ERROR;
				GCC_WARN_UNDECLARED_SELECTOR = YES;
				GCC_WARN_UNINITIALIZED_AUTOS = YES_AGGRESSIVE;
				GCC_WARN_UNUSED_FUNCTION = YES;
				GCC_WARN_UNUSED_VARIABLE = YES;
				IPHONEOS_DEPLOYMENT_TARGET = 16.4;
				MTL_ENABLE_DEBUG_INFO = NO;
				MTL_FAST_MATH = YES;
				SDKROOT = iphoneos;
				SWIFT_COMPILATION_MODE = wholemodule;
				SWIFT_OPTIMIZATION_LEVEL = "-O";
				VALIDATE_PRODUCT = YES;
			};
			name = Release;
		};
		228270562A6AAC40004F1210 /* Debug */ = {
			isa = XCBuildConfiguration;
			buildSettings = {
				ASSETCATALOG_COMPILER_APPICON_NAME = AppIcon;
				ASSETCATALOG_COMPILER_GLOBAL_ACCENT_COLOR_NAME = AccentColor;
				CODE_SIGN_STYLE = Automatic;
				CURRENT_PROJECT_VERSION = 1;
				DEVELOPMENT_TEAM = WVT6A72Z48;
				GENERATE_INFOPLIST_FILE = YES;
				INFOPLIST_FILE = Eatravel/Info.plist;
				INFOPLIST_KEY_UIApplicationSupportsIndirectInputEvents = YES;
				INFOPLIST_KEY_UILaunchStoryboardName = LaunchScreen;
				INFOPLIST_KEY_UIMainStoryboardFile = Main;
				INFOPLIST_KEY_UISupportedInterfaceOrientations_iPad = "UIInterfaceOrientationPortrait UIInterfaceOrientationPortraitUpsideDown UIInterfaceOrientationLandscapeLeft UIInterfaceOrientationLandscapeRight";
				INFOPLIST_KEY_UISupportedInterfaceOrientations_iPhone = "UIInterfaceOrientationPortrait UIInterfaceOrientationLandscapeLeft UIInterfaceOrientationLandscapeRight";
				IPHONEOS_DEPLOYMENT_TARGET = 14.0;
				LD_RUNPATH_SEARCH_PATHS = (
					"$(inherited)",
					"@executable_path/Frameworks",
				);
				MARKETING_VERSION = 1.0;
				PRODUCT_BUNDLE_IDENTIFIER = yktek.Eatravel;
				PRODUCT_NAME = "$(TARGET_NAME)";
				SWIFT_EMIT_LOC_STRINGS = YES;
				SWIFT_VERSION = 5.0;
				TARGETED_DEVICE_FAMILY = "1,2";
			};
			name = Debug;
		};
		228270572A6AAC40004F1210 /* Release */ = {
			isa = XCBuildConfiguration;
			buildSettings = {
				ASSETCATALOG_COMPILER_APPICON_NAME = AppIcon;
				ASSETCATALOG_COMPILER_GLOBAL_ACCENT_COLOR_NAME = AccentColor;
				CODE_SIGN_STYLE = Automatic;
				CURRENT_PROJECT_VERSION = 1;
				DEVELOPMENT_TEAM = WVT6A72Z48;
				GENERATE_INFOPLIST_FILE = YES;
				INFOPLIST_FILE = Eatravel/Info.plist;
				INFOPLIST_KEY_UIApplicationSupportsIndirectInputEvents = YES;
				INFOPLIST_KEY_UILaunchStoryboardName = LaunchScreen;
				INFOPLIST_KEY_UIMainStoryboardFile = Main;
				INFOPLIST_KEY_UISupportedInterfaceOrientations_iPad = "UIInterfaceOrientationPortrait UIInterfaceOrientationPortraitUpsideDown UIInterfaceOrientationLandscapeLeft UIInterfaceOrientationLandscapeRight";
				INFOPLIST_KEY_UISupportedInterfaceOrientations_iPhone = "UIInterfaceOrientationPortrait UIInterfaceOrientationLandscapeLeft UIInterfaceOrientationLandscapeRight";
				IPHONEOS_DEPLOYMENT_TARGET = 14.0;
				LD_RUNPATH_SEARCH_PATHS = (
					"$(inherited)",
					"@executable_path/Frameworks",
				);
				MARKETING_VERSION = 1.0;
				PRODUCT_BUNDLE_IDENTIFIER = yktek.Eatravel;
				PRODUCT_NAME = "$(TARGET_NAME)";
				SWIFT_EMIT_LOC_STRINGS = YES;
				SWIFT_VERSION = 5.0;
				TARGETED_DEVICE_FAMILY = "1,2";
			};
			name = Release;
		};
		228270592A6AAC40004F1210 /* Debug */ = {
			isa = XCBuildConfiguration;
			buildSettings = {
				ALWAYS_EMBED_SWIFT_STANDARD_LIBRARIES = YES;
				BUNDLE_LOADER = "$(TEST_HOST)";
				CODE_SIGN_STYLE = Automatic;
				CURRENT_PROJECT_VERSION = 1;
				DEVELOPMENT_TEAM = WVT6A72Z48;
				GENERATE_INFOPLIST_FILE = YES;
				IPHONEOS_DEPLOYMENT_TARGET = 16.4;
				MARKETING_VERSION = 1.0;
				PRODUCT_BUNDLE_IDENTIFIER = yktek.EatravelTests;
				PRODUCT_NAME = "$(TARGET_NAME)";
				SWIFT_EMIT_LOC_STRINGS = NO;
				SWIFT_VERSION = 5.0;
				TARGETED_DEVICE_FAMILY = "1,2";
				TEST_HOST = "$(BUILT_PRODUCTS_DIR)/Eatravel.app/$(BUNDLE_EXECUTABLE_FOLDER_PATH)/Eatravel";
			};
			name = Debug;
		};
		2282705A2A6AAC40004F1210 /* Release */ = {
			isa = XCBuildConfiguration;
			buildSettings = {
				ALWAYS_EMBED_SWIFT_STANDARD_LIBRARIES = YES;
				BUNDLE_LOADER = "$(TEST_HOST)";
				CODE_SIGN_STYLE = Automatic;
				CURRENT_PROJECT_VERSION = 1;
				DEVELOPMENT_TEAM = WVT6A72Z48;
				GENERATE_INFOPLIST_FILE = YES;
				IPHONEOS_DEPLOYMENT_TARGET = 16.4;
				MARKETING_VERSION = 1.0;
				PRODUCT_BUNDLE_IDENTIFIER = yktek.EatravelTests;
				PRODUCT_NAME = "$(TARGET_NAME)";
				SWIFT_EMIT_LOC_STRINGS = NO;
				SWIFT_VERSION = 5.0;
				TARGETED_DEVICE_FAMILY = "1,2";
				TEST_HOST = "$(BUILT_PRODUCTS_DIR)/Eatravel.app/$(BUNDLE_EXECUTABLE_FOLDER_PATH)/Eatravel";
			};
			name = Release;
		};
		2282705C2A6AAC40004F1210 /* Debug */ = {
			isa = XCBuildConfiguration;
			buildSettings = {
				ALWAYS_EMBED_SWIFT_STANDARD_LIBRARIES = YES;
				CODE_SIGN_STYLE = Automatic;
				CURRENT_PROJECT_VERSION = 1;
				DEVELOPMENT_TEAM = WVT6A72Z48;
				GENERATE_INFOPLIST_FILE = YES;
				MARKETING_VERSION = 1.0;
				PRODUCT_BUNDLE_IDENTIFIER = yktek.EatravelUITests;
				PRODUCT_NAME = "$(TARGET_NAME)";
				SWIFT_EMIT_LOC_STRINGS = NO;
				SWIFT_VERSION = 5.0;
				TARGETED_DEVICE_FAMILY = "1,2";
				TEST_TARGET_NAME = Eatravel;
			};
			name = Debug;
		};
		2282705D2A6AAC40004F1210 /* Release */ = {
			isa = XCBuildConfiguration;
			buildSettings = {
				ALWAYS_EMBED_SWIFT_STANDARD_LIBRARIES = YES;
				CODE_SIGN_STYLE = Automatic;
				CURRENT_PROJECT_VERSION = 1;
				DEVELOPMENT_TEAM = WVT6A72Z48;
				GENERATE_INFOPLIST_FILE = YES;
				MARKETING_VERSION = 1.0;
				PRODUCT_BUNDLE_IDENTIFIER = yktek.EatravelUITests;
				PRODUCT_NAME = "$(TARGET_NAME)";
				SWIFT_EMIT_LOC_STRINGS = NO;
				SWIFT_VERSION = 5.0;
				TARGETED_DEVICE_FAMILY = "1,2";
				TEST_TARGET_NAME = Eatravel;
			};
			name = Release;
		};
/* End XCBuildConfiguration section */

/* Begin XCConfigurationList section */
		228270262A6AAC3D004F1210 /* Build configuration list for PBXProject "Eatravel" */ = {
			isa = XCConfigurationList;
			buildConfigurations = (
				228270532A6AAC40004F1210 /* Debug */,
				228270542A6AAC40004F1210 /* Release */,
			);
			defaultConfigurationIsVisible = 0;
			defaultConfigurationName = Release;
		};
		228270552A6AAC40004F1210 /* Build configuration list for PBXNativeTarget "Eatravel" */ = {
			isa = XCConfigurationList;
			buildConfigurations = (
				228270562A6AAC40004F1210 /* Debug */,
				228270572A6AAC40004F1210 /* Release */,
			);
			defaultConfigurationIsVisible = 0;
			defaultConfigurationName = Release;
		};
		228270582A6AAC40004F1210 /* Build configuration list for PBXNativeTarget "EatravelTests" */ = {
			isa = XCConfigurationList;
			buildConfigurations = (
				228270592A6AAC40004F1210 /* Debug */,
				2282705A2A6AAC40004F1210 /* Release */,
			);
			defaultConfigurationIsVisible = 0;
			defaultConfigurationName = Release;
		};
		2282705B2A6AAC40004F1210 /* Build configuration list for PBXNativeTarget "EatravelUITests" */ = {
			isa = XCConfigurationList;
			buildConfigurations = (
				2282705C2A6AAC40004F1210 /* Debug */,
				2282705D2A6AAC40004F1210 /* Release */,
			);
			defaultConfigurationIsVisible = 0;
			defaultConfigurationName = Release;
		};
/* End XCConfigurationList section */

/* Begin XCRemoteSwiftPackageReference section */
		22ECABCE2A7513BE00CAA2F9 /* XCRemoteSwiftPackageReference "Alamofire" */ = {
			isa = XCRemoteSwiftPackageReference;
			repositoryURL = "https://github.com/Alamofire/Alamofire.git";
			requirement = {
				kind = upToNextMajorVersion;
				minimumVersion = 5.0.0;
			};
		};
/* End XCRemoteSwiftPackageReference section */

/* Begin XCSwiftPackageProductDependency section */
		22ECABCF2A7513BE00CAA2F9 /* Alamofire */ = {
			isa = XCSwiftPackageProductDependency;
			package = 22ECABCE2A7513BE00CAA2F9 /* XCRemoteSwiftPackageReference "Alamofire" */;
			productName = Alamofire;
		};
/* End XCSwiftPackageProductDependency section */
	};
	rootObject = 228270232A6AAC3D004F1210 /* Project object */;
}
